
Microsoft Visual Studio Solution File, Format Version 12.00
# Visual Studio 2013
VisualStudioVersion = 12.0.40629.0
MinimumVisualStudioVersion = 10.0.40219.1
Project("{FAE04EC0-301F-11D3-BF4B-00C04F79EFBC}") = "ytgifyConsole", "ytgifyConsole\ytgifyConsole.csproj", "{AB2B033B-6B90-4962-BB4F-D1DCEDB797CD}"
EndProject
Project("{FAE04EC0-301F-11D3-BF4B-00C04F79EFBC}") = "ytgify", "ytgify\ytgify.csproj", "{D771EFD5-B934-4F13-8772-0E01748BA91D}"
EndProject
Project("{FAE04EC0-301F-11D3-BF4B-00C04F79EFBC}") = "ytgify.Adapters.FFMpegGifConverter", "ytgify.Adapters.FFMpegGifConverter\ytgify.Adapters.FFMpegGifConverter.csproj", "{9AE74479-160B-4A1E-99A8-2E6BCC9877B2}"
EndProject
Project("{FAE04EC0-301F-11D3-BF4B-00C04F79EFBC}") = "ytgify.Adapters.YoutubeExtractorWrapper", "ytgify.Adapters.YoutubeExtractorWrapper\ytgify.Adapters.YoutubeExtractorWrapper.csproj", "{EB54D955-4531-44DF-9B12-BC9D8833D7E0}"
EndProject
Global
	GlobalSection(SolutionConfigurationPlatforms) = preSolution
		Debug|Any CPU = Debug|Any CPU
		Release|Any CPU = Release|Any CPU
	EndGlobalSection
	GlobalSection(ProjectConfigurationPlatforms) = postSolution
		{AB2B033B-6B90-4962-BB4F-D1DCEDB797CD}.Debug|Any CPU.ActiveCfg = Debug|Any CPU
		{AB2B033B-6B90-4962-BB4F-D1DCEDB797CD}.Debug|Any CPU.Build.0 = Debug|Any CPU
		{AB2B033B-6B90-4962-BB4F-D1DCEDB797CD}.Release|Any CPU.ActiveCfg = Release|Any CPU
		{AB2B033B-6B90-4962-BB4F-D1DCEDB797CD}.Release|Any CPU.Build.0 = Release|Any CPU
		{D771EFD5-B934-4F13-8772-0E01748BA91D}.Debug|Any CPU.ActiveCfg = Debug|Any CPU
		{D771EFD5-B934-4F13-8772-0E01748BA91D}.Debug|Any CPU.Build.0 = Debug|Any CPU
		{D771EFD5-B934-4F13-8772-0E01748BA91D}.Release|Any CPU.ActiveCfg = Release|Any CPU
		{D771EFD5-B934-4F13-8772-0E01748BA91D}.Release|Any CPU.Build.0 = Release|Any CPU
		{9AE74479-160B-4A1E-99A8-2E6BCC9877B2}.Debug|Any CPU.ActiveCfg = Debug|Any CPU
		{9AE74479-160B-4A1E-99A8-2E6BCC9877B2}.Debug|Any CPU.Build.0 = Debug|Any CPU
		{9AE74479-160B-4A1E-99A8-2E6BCC9877B2}.Release|Any CPU.ActiveCfg = Release|Any CPU
		{9AE74479-160B-4A1E-99A8-2E6BCC9877B2}.Release|Any CPU.Build.0 = Release|Any CPU
		{EB54D955-4531-44DF-9B12-BC9D8833D7E0}.Debug|Any CPU.ActiveCfg = Debug|Any CPU
		{EB54D955-4531-44DF-9B12-BC9D8833D7E0}.Debug|Any CPU.Build.0 = Debug|Any CPU
		{EB54D955-4531-44DF-9B12-BC9D8833D7E0}.Release|Any CPU.ActiveCfg = Release|Any CPU
		{EB54D955-4531-44DF-9B12-BC9D8833D7E0}.Release|Any CPU.Build.0 = Release|Any CPU
	EndGlobalSection
	GlobalSection(SolutionProperties) = preSolution
		HideSolutionNode = FALSE
	EndGlobalSection
EndGlobal
